
Microsoft Visual Studio Solution File, Format Version 12.00
# Visual Studio Version 16
VisualStudioVersion = 16.0.31729.503
MinimumVisualStudioVersion = 10.0.40219.1
Project("{FAE04EC0-301F-11D3-BF4B-00C04F79EFBC}") = "PhoneBook", "PhoneBook\PhoneBook.csproj", "{C8871063-32A0-49A9-8E91-F6D78C61BFF2}"
EndProject
Global
	GlobalSection(SolutionConfigurationPlatforms) = preSolution
		Debug|Any CPU = Debug|Any CPU
		Release|Any CPU = Release|Any CPU
	EndGlobalSection
	GlobalSection(ProjectConfigurationPlatforms) = postSolution
		{C8871063-32A0-49A9-8E91-F6D78C61BFF2}.Debug|Any CPU.ActiveCfg = Debug|Any CPU
		{C8871063-32A0-49A9-8E91-F6D78C61BFF2}.Debug|Any CPU.Build.0 = Debug|Any CPU
		{C8871063-32A0-49A9-8E91-F6D78C61BFF2}.Release|Any CPU.ActiveCfg = Release|Any CPU
		{C8871063-32A0-49A9-8E91-F6D78C61BFF2}.Release|Any CPU.Build.0 = Release|Any CPU
	EndGlobalSection
	GlobalSection(SolutionProperties) = preSolution
		HideSolutionNode = FALSE
	EndGlobalSection
	GlobalSection(ExtensibilityGlobals) = postSolution
		SolutionGuid = {2D2B82EE-4C40-47C4-9028-36A4C9B4179F}
	EndGlobalSection
EndGlobal
