
Microsoft Visual Studio Solution File, Format Version 12.00
# Visual Studio Version 16
VisualStudioVersion = 16.0.31729.503
MinimumVisualStudioVersion = 10.0.40219.1
Project("{FAE04EC0-301F-11D3-BF4B-00C04F79EFBC}") = "WSB_Task2", "WSB_Task2\WSB_Task2.csproj", "{EC3FCE3E-863A-444C-A09B-C27980C55315}"
EndProject
Global
	GlobalSection(SolutionConfigurationPlatforms) = preSolution
		Debug|Any CPU = Debug|Any CPU
		Release|Any CPU = Release|Any CPU
	EndGlobalSection
	GlobalSection(ProjectConfigurationPlatforms) = postSolution
		{EC3FCE3E-863A-444C-A09B-C27980C55315}.Debug|Any CPU.ActiveCfg = Debug|Any CPU
		{EC3FCE3E-863A-444C-A09B-C27980C55315}.Debug|Any CPU.Build.0 = Debug|Any CPU
		{EC3FCE3E-863A-444C-A09B-C27980C55315}.Release|Any CPU.ActiveCfg = Release|Any CPU
		{EC3FCE3E-863A-444C-A09B-C27980C55315}.Release|Any CPU.Build.0 = Release|Any CPU
	EndGlobalSection
	GlobalSection(SolutionProperties) = preSolution
		HideSolutionNode = FALSE
	EndGlobalSection
	GlobalSection(ExtensibilityGlobals) = postSolution
		SolutionGuid = {78D49065-E1E1-4263-9C02-0B37A45359C8}
	EndGlobalSection
EndGlobal
